{
  "version": 2,
  "dependencies": {
    "net10.0-macos27.0": {
      "Jint": {
        "type": "Direct",
        "requested": "[4.9.3, )",
        "resolved": "4.9.3",
        "contentHash": "8Q801Z53cOhHWxzGMQKRbsRqkfkjcomVVhp52dQRXSOOXvRVJ33ZchkwjeIIwq8k69vShk51/l9lovuaOzMzsQ==",
        "dependencies": {
          "Acornima": "1.6.2"
        }
      },
      "Magick.NET-Q8-AnyCPU": {
        "type": "Direct",
        "requested": "[14.17.2, )",
        "resolved": "14.17.2",
        "contentHash": "AIvpBH4fvP3/NUwvWsVj9SxAA6hrU4p5/RNfColyrDn4jipl7loR6y4ZgYLXfBQgjmSEc7m2D2DbkWMnZt+brg==",
        "dependencies": {
          "Magick.NET.Core": "14.17.2"
        }
      },
      "MetadataExtractor": {
        "type": "Direct",
        "requested": "[2.9.3, )",
        "resolved": "2.9.3",
        "contentHash": "7dBcqlPC2Zc/bsZtXnv8nCWe5h5WsLHszzHtxnpcsVy4MwlD3KQ3wVNoiYBm0a3rzt5hRwAosPvLPhlXrV5lyg==",
        "dependencies": {
          "XmpCore": "6.1.10.1"
        }
      },
      "Microsoft.NET.ILLink.Tasks": {
        "type": "Direct",
        "requested": "[10.0.12, )",
        "resolved": "10.0.12",
        "contentHash": "xi+BDjFpW+Sb+MHFHaH6Y/gV9I8BluFwRXc1QyCdoZbIK26eNiBeFuMTe/FMwc33G1wdHCyDg7CVTmb8OdQrMQ=="
      },
      "SharpCompress": {
        "type": "Direct",
        "requested": "[0.50.3, )",
        "resolved": "0.50.3",
        "contentHash": "xxpO3UQ7JTtl2CjsCLZqvThjGx7ETcgH93CuzOGnTrspG5C3NmMnTIvyUG3YRh3hSysQm3UQEiXBKF3zOmKPwQ=="
      },
      "Acornima": {
        "type": "Transitive",
        "resolved": "1.6.2",
        "contentHash": "laakpDHzMwHr5C8+q5RlRf0XJJshUvghNeo4xDerICrYR3iEuGvwfpauCmXuU3RE437XDaQO5ZxieWDpADuD+w=="
      },
      "Magick.NET.Core": {
        "type": "Transitive",
        "resolved": "14.17.2",
        "contentHash": "KKvR6eBUcfgkZpfHfN/UKRcK/FjHW6NXXoRRf5HJdhFk5bYLEEFuKu6op0zfNo6Msah51Yw42p599pz3A0CDQQ=="
      },
      "XmpCore": {
        "type": "Transitive",
        "resolved": "6.1.10.1",
        "contentHash": "/Tp2/e39e7z8hLtS4TXt0FNNZHbf5yNFfHS0/59soXlgOzZlyRZivvzWpvujyaWkTWWgecp/1nHxkuc5vntn7A=="
      },
      "neeview.engine": {
        "type": "Project",
        "dependencies": {
          "CommunityToolkit.Mvvm": "[8.4.2, )"
        }
      },
      "CommunityToolkit.Mvvm": {
        "type": "CentralTransitive",
        "requested": "[8.4.2, )",
        "resolved": "8.4.2",
        "contentHash": "WadCzGEc2U+3e20avRLng4qNtt4zoOGWrdUISqJWrHe3/FSnrYjuM5Sb4yQb09LhkBXrrI4Zt3dLKgRMbItsrg=="
      }
    },
    "net10.0-macos27.0/osx-arm64": {
      "Magick.NET-Q8-AnyCPU": {
        "type": "Direct",
        "requested": "[14.17.2, )",
        "resolved": "14.17.2",
        "contentHash": "AIvpBH4fvP3/NUwvWsVj9SxAA6hrU4p5/RNfColyrDn4jipl7loR6y4ZgYLXfBQgjmSEc7m2D2DbkWMnZt+brg==",
        "dependencies": {
          "Magick.NET.Core": "14.17.2"
        }
      }
    }
  }
}