<Solution>
  <Folder Name="/src/">
    <Project Path="src/NeeView.Engine/NeeView.Engine.csproj" />
    <Project Path="src/NeeView.Backends/NeeView.Backends.csproj" />
    <Project Path="src/NeeView.MacOS/NeeView.MacOS.csproj" />
  </Folder>
  <Folder Name="/tests/">
    <Project Path="tests/NeeView.Engine.Tests/NeeView.Engine.Tests.csproj" />
  </Folder>
</Solution>
